
Microsoft Visual Studio Solution File, Format Version 12.00
# Visual Studio Version 17
VisualStudioVersion = 17.5.33424.131
MinimumVisualStudioVersion = 10.0.40219.1
Project("{FAE04EC0-301F-11D3-BF4B-00C04F79EFBC}") = "OOP", "OOP.csproj", "{1AC0CE8C-D9BB-47D8-A8AF-6D75686A76B2}"
EndProject
Global
	GlobalSection(SolutionConfigurationPlatforms) = preSolution
		Debug|Any CPU = Debug|Any CPU
		Release|Any CPU = Release|Any CPU
	EndGlobalSection
	GlobalSection(ProjectConfigurationPlatforms) = postSolution
		{1AC0CE8C-D9BB-47D8-A8AF-6D75686A76B2}.Debug|Any CPU.ActiveCfg = Debug|Any CPU
		{1AC0CE8C-D9BB-47D8-A8AF-6D75686A76B2}.Debug|Any CPU.Build.0 = Debug|Any CPU
		{1AC0CE8C-D9BB-47D8-A8AF-6D75686A76B2}.Release|Any CPU.ActiveCfg = Release|Any CPU
		{1AC0CE8C-D9BB-47D8-A8AF-6D75686A76B2}.Release|Any CPU.Build.0 = Release|Any CPU
	EndGlobalSection
	GlobalSection(SolutionProperties) = preSolution
		HideSolutionNode = FALSE
	EndGlobalSection
	GlobalSection(ExtensibilityGlobals) = postSolution
		SolutionGuid = {0089682E-2F63-443A-AB42-4D9363CADE22}
	EndGlobalSection
EndGlobal
